<?xml version="1.0" encoding="utf-8"?>
<Project ToolsVersion="4.0" xmlns="http://schemas.microsoft.com/developer/msbuild/2003">
  <ItemGroup>
    <ApplicationDefinition Include="App.xaml" />
  </ItemGroup>
  <ItemGroup>
    <Page Include="MainWindow.xaml" />
  </ItemGroup>
  <ItemGroup>
    <Midl Include="MainWindow.idl" />
  </ItemGroup>
  <ItemGroup>
    <ClCompile Include="EditorController.ixx" />
    <ClCompile Include="EditorCommands.ixx" />
    <ClCompile Include="ExportCoordinator.ixx" />
    <ClCompile Include="Dialogs.ixx" />
    <ClCompile Include="Project.ixx" />
    <ClCompile Include="Timeline.ixx" />
    <ClCompile Include="TimelineRenderer.ixx" />
    <ClCompile Include="Utils.ixx" />
    <ClCompile Include="VideoStream.ixx" />
    <ClCompile Include="VideoContainer.ixx" />
    <ClCompile Include="VideoContainer.cpp" />
    <ClCompile Include="Export.ixx" />
    <ClCompile Include="Media.ixx" />
    <ClCompile Include="Generated Files\module.g.cpp">
      <Filter>Meta</Filter>
    </ClCompile>
    <ClCompile Include="pch.cpp">
      <Filter>Meta</Filter>
    </ClCompile>
  </ItemGroup>
  <ItemGroup>
    <Image Include="Assets\Wide310x150Logo.png">
      <Filter>Assets</Filter>
    </Image>
    <Image Include="Assets\StoreLogo.png">
      <Filter>Assets</Filter>
    </Image>
    <Image Include="Assets\Square150x150Logo.png">
      <Filter>Assets</Filter>
    </Image>
    <Image Include="Assets\Square44x44Logo.targetsize-24_altform-unplated.png">
      <Filter>Assets</Filter>
    </Image>
    <Image Include="Assets\Square44x44Logo.png">
      <Filter>Assets</Filter>
    </Image>
    <Image Include="Assets\SplashScreen.png">
      <Filter>Assets</Filter>
    </Image>
    <Image Include="Assets\LockScreenLogo.png">
      <Filter>Assets</Filter>
    </Image>
  </ItemGroup>
  <ItemGroup>
    <Filter Include="Assets">
      <UniqueIdentifier>{64a424dd-1f1e-46b5-92a8-449f64bf0458}</UniqueIdentifier>
    </Filter>
    <Filter Include="Meta">
      <UniqueIdentifier>{397e4245-9af7-4231-8753-b9ff9980762a}</UniqueIdentifier>
    </Filter>
  </ItemGroup>
  <ItemGroup>
    <None Include="Package.StoreAssociation.xml">
      <Filter>Meta</Filter>
    </None>
    <None Include="packages.config">
      <Filter>Meta</Filter>
    </None>
  </ItemGroup>
  <ItemGroup>
    <Natvis Include="$(MSBuildThisFileDirectory)..\..\natvis\wil.natstepfilter">
      <Filter>Meta</Filter>
    </Natvis>
    <Natvis Include="$(MSBuildThisFileDirectory)..\..\natvis\wil.natvis">
      <Filter>Meta</Filter>
    </Natvis>
  </ItemGroup>
  <ItemGroup>
    <Manifest Include="app.manifest">
      <Filter>Meta</Filter>
    </Manifest>
  </ItemGroup>
  <ItemGroup>
    <ClInclude Include="pch.h">
      <Filter>Meta</Filter>
    </ClInclude>
  </ItemGroup>
  <ItemGroup>
    <Text Include="readme.txt">
      <Filter>Meta</Filter>
    </Text>
  </ItemGroup>
  <ItemGroup>
    <AppxManifest Include="Package.appxmanifest" />
  </ItemGroup>
</Project>
