<?xml version="1.0" encoding="utf-8"?>
<Project ToolsVersion="4.0" xmlns="http://schemas.microsoft.com/developer/msbuild/2003">
  <ItemGroup>
    <Filter Include="Source Files">
      <UniqueIdentifier>{DA7C438C-17E7-4300-BD7F-BAEC8B1F19D0}</UniqueIdentifier>
      <Extensions>cpp;c;cc;cxx;def;odl;idl;hpj;bat;asm;asmx;ixx</Extensions>
    </Filter>
  </ItemGroup>
  <ItemGroup>
    <ClCompile Include="llvc-tests.cpp">
      <Filter>Source Files</Filter>
    </ClCompile>
    <ClCompile Include="..\llvc\Utils.ixx">
      <Filter>Source Files</Filter>
    </ClCompile>
    <ClCompile Include="..\llvc\Project.ixx">
      <Filter>Source Files</Filter>
    </ClCompile>
    <ClCompile Include="..\llvc\Timeline.ixx">
      <Filter>Source Files</Filter>
    </ClCompile>
    <ClCompile Include="..\llvc\EditorController.ixx">
      <Filter>Source Files</Filter>
    </ClCompile>
    <ClCompile Include="..\llvc\EditorCommands.ixx">
      <Filter>Source Files</Filter>
    </ClCompile>
    <ClCompile Include="..\llvc\VideoStream.ixx">
      <Filter>Source Files</Filter>
    </ClCompile>
    <ClCompile Include="..\llvc\VideoContainer.ixx">
      <Filter>Source Files</Filter>
    </ClCompile>
    <ClCompile Include="..\llvc\Export.ixx">
      <Filter>Source Files</Filter>
    </ClCompile>
    <ClCompile Include="..\llvc\Media.ixx">
      <Filter>Source Files</Filter>
    </ClCompile>
  </ItemGroup>
  <ItemGroup>
    <Natvis Include="$(MSBuildThisFileDirectory)..\..\natvis\wil.natvis" />
    <Natvis Include="$(MSBuildThisFileDirectory)..\..\natvis\wil.natstepfilter" />
  </ItemGroup>
  <ItemGroup>
    <None Include="packages.config" />
  </ItemGroup>
</Project>