Microsoft Visual Studio Solution File, Format Version 12.00
# Visual Studio Version 18
VisualStudioVersion = 18.4.11612.150
MinimumVisualStudioVersion = 10.0.40219.1
Project("{8BC9CEB8-8B4A-11D0-8D11-00A0C91BC942}") = "llvc", "llvc\llvc.vcxproj", "{64A424DD-1F1E-46B5-92A8-449F64BF0458}"
EndProject
Project("{8BC9CEB8-8B4A-11D0-8D11-00A0C91BC942}") = "llvc-tests", "llvc-tests\llvc-tests.vcxproj", "{3B66E901-290E-45A1-A9C6-54FE5B9F8A4D}"
EndProject
Project("{C7167F0D-BC9F-4E6E-AFE1-012C56B48DB5}") = "llvc-installer", "llvc-installer\llvc-installer.wapproj", "{49F13EBE-60F4-4FAD-A7E3-7C050EA46B76}"
EndProject
Project("{FAE04EC0-301F-11D3-BF4B-00C04F79EFBC}") = "UartMonitor", "UartMonitor\UartMonitor.csproj", "{6169541B-1B26-4766-8DEF-68C2F3C27E6E}"
EndProject
Global
	GlobalSection(SolutionConfigurationPlatforms) = preSolution
		Debug|Any CPU = Debug|Any CPU
		Debug|ARM64 = Debug|ARM64
		Debug|x64 = Debug|x64
		Debug|x86 = Debug|x86
		Release|Any CPU = Release|Any CPU
		Release|ARM64 = Release|ARM64
		Release|x64 = Release|x64
		Release|x86 = Release|x86
	EndGlobalSection
	GlobalSection(ProjectConfigurationPlatforms) = postSolution
		{64A424DD-1F1E-46B5-92A8-449F64BF0458}.Debug|Any CPU.ActiveCfg = Debug|x64
		{64A424DD-1F1E-46B5-92A8-449F64BF0458}.Debug|Any CPU.Build.0 = Debug|x64
		{64A424DD-1F1E-46B5-92A8-449F64BF0458}.Debug|Any CPU.Deploy.0 = Debug|x64
		{64A424DD-1F1E-46B5-92A8-449F64BF0458}.Debug|ARM64.ActiveCfg = Debug|ARM64
		{64A424DD-1F1E-46B5-92A8-449F64BF0458}.Debug|ARM64.Build.0 = Debug|ARM64
		{64A424DD-1F1E-46B5-92A8-449F64BF0458}.Debug|ARM64.Deploy.0 = Debug|ARM64
		{64A424DD-1F1E-46B5-92A8-449F64BF0458}.Debug|x64.ActiveCfg = Debug|x64
		{64A424DD-1F1E-46B5-92A8-449F64BF0458}.Debug|x64.Build.0 = Debug|x64
		{64A424DD-1F1E-46B5-92A8-449F64BF0458}.Debug|x64.Deploy.0 = Debug|x64
		{64A424DD-1F1E-46B5-92A8-449F64BF0458}.Debug|x86.ActiveCfg = Debug|Win32
		{64A424DD-1F1E-46B5-92A8-449F64BF0458}.Debug|x86.Build.0 = Debug|Win32
		{64A424DD-1F1E-46B5-92A8-449F64BF0458}.Debug|x86.Deploy.0 = Debug|Win32
		{64A424DD-1F1E-46B5-92A8-449F64BF0458}.Release|Any CPU.ActiveCfg = Release|x64
		{64A424DD-1F1E-46B5-92A8-449F64BF0458}.Release|Any CPU.Build.0 = Release|x64
		{64A424DD-1F1E-46B5-92A8-449F64BF0458}.Release|Any CPU.Deploy.0 = Release|x64
		{64A424DD-1F1E-46B5-92A8-449F64BF0458}.Release|ARM64.ActiveCfg = Release|ARM64
		{64A424DD-1F1E-46B5-92A8-449F64BF0458}.Release|ARM64.Build.0 = Release|ARM64
		{64A424DD-1F1E-46B5-92A8-449F64BF0458}.Release|ARM64.Deploy.0 = Release|ARM64
		{64A424DD-1F1E-46B5-92A8-449F64BF0458}.Release|x64.ActiveCfg = Release|x64
		{64A424DD-1F1E-46B5-92A8-449F64BF0458}.Release|x64.Build.0 = Release|x64
		{64A424DD-1F1E-46B5-92A8-449F64BF0458}.Release|x64.Deploy.0 = Release|x64
		{64A424DD-1F1E-46B5-92A8-449F64BF0458}.Release|x86.ActiveCfg = Release|Win32
		{64A424DD-1F1E-46B5-92A8-449F64BF0458}.Release|x86.Build.0 = Release|Win32
		{64A424DD-1F1E-46B5-92A8-449F64BF0458}.Release|x86.Deploy.0 = Release|Win32
		{3B66E901-290E-45A1-A9C6-54FE5B9F8A4D}.Debug|Any CPU.ActiveCfg = Debug|x64
		{3B66E901-290E-45A1-A9C6-54FE5B9F8A4D}.Debug|Any CPU.Build.0 = Debug|x64
		{3B66E901-290E-45A1-A9C6-54FE5B9F8A4D}.Debug|ARM64.ActiveCfg = Debug|x64
		{3B66E901-290E-45A1-A9C6-54FE5B9F8A4D}.Debug|ARM64.Build.0 = Debug|x64
		{3B66E901-290E-45A1-A9C6-54FE5B9F8A4D}.Debug|x64.ActiveCfg = Debug|x64
		{3B66E901-290E-45A1-A9C6-54FE5B9F8A4D}.Debug|x64.Build.0 = Debug|x64
		{3B66E901-290E-45A1-A9C6-54FE5B9F8A4D}.Debug|x86.ActiveCfg = Debug|x64
		{3B66E901-290E-45A1-A9C6-54FE5B9F8A4D}.Debug|x86.Build.0 = Debug|x64
		{3B66E901-290E-45A1-A9C6-54FE5B9F8A4D}.Release|Any CPU.ActiveCfg = Release|x64
		{3B66E901-290E-45A1-A9C6-54FE5B9F8A4D}.Release|Any CPU.Build.0 = Release|x64
		{3B66E901-290E-45A1-A9C6-54FE5B9F8A4D}.Release|ARM64.ActiveCfg = Release|x64
		{3B66E901-290E-45A1-A9C6-54FE5B9F8A4D}.Release|ARM64.Build.0 = Release|x64
		{3B66E901-290E-45A1-A9C6-54FE5B9F8A4D}.Release|x64.ActiveCfg = Release|x64
		{3B66E901-290E-45A1-A9C6-54FE5B9F8A4D}.Release|x64.Build.0 = Release|x64
		{3B66E901-290E-45A1-A9C6-54FE5B9F8A4D}.Release|x86.ActiveCfg = Release|x64
		{3B66E901-290E-45A1-A9C6-54FE5B9F8A4D}.Release|x86.Build.0 = Release|x64
		{49F13EBE-60F4-4FAD-A7E3-7C050EA46B76}.Debug|Any CPU.ActiveCfg = Debug|x64
		{49F13EBE-60F4-4FAD-A7E3-7C050EA46B76}.Debug|Any CPU.Build.0 = Debug|x64
		{49F13EBE-60F4-4FAD-A7E3-7C050EA46B76}.Debug|Any CPU.Deploy.0 = Debug|x64
		{49F13EBE-60F4-4FAD-A7E3-7C050EA46B76}.Debug|ARM64.ActiveCfg = Debug|ARM64
		{49F13EBE-60F4-4FAD-A7E3-7C050EA46B76}.Debug|ARM64.Build.0 = Debug|ARM64
		{49F13EBE-60F4-4FAD-A7E3-7C050EA46B76}.Debug|ARM64.Deploy.0 = Debug|ARM64
		{49F13EBE-60F4-4FAD-A7E3-7C050EA46B76}.Debug|x64.ActiveCfg = Debug|x64
		{49F13EBE-60F4-4FAD-A7E3-7C050EA46B76}.Debug|x64.Build.0 = Debug|x64
		{49F13EBE-60F4-4FAD-A7E3-7C050EA46B76}.Debug|x64.Deploy.0 = Debug|x64
		{49F13EBE-60F4-4FAD-A7E3-7C050EA46B76}.Debug|x86.ActiveCfg = Debug|x86
		{49F13EBE-60F4-4FAD-A7E3-7C050EA46B76}.Debug|x86.Build.0 = Debug|x86
		{49F13EBE-60F4-4FAD-A7E3-7C050EA46B76}.Debug|x86.Deploy.0 = Debug|x86
		{49F13EBE-60F4-4FAD-A7E3-7C050EA46B76}.Release|Any CPU.ActiveCfg = Release|x64
		{49F13EBE-60F4-4FAD-A7E3-7C050EA46B76}.Release|Any CPU.Build.0 = Release|x64
		{49F13EBE-60F4-4FAD-A7E3-7C050EA46B76}.Release|Any CPU.Deploy.0 = Release|x64
		{49F13EBE-60F4-4FAD-A7E3-7C050EA46B76}.Release|ARM64.ActiveCfg = Release|ARM64
		{49F13EBE-60F4-4FAD-A7E3-7C050EA46B76}.Release|ARM64.Build.0 = Release|ARM64
		{49F13EBE-60F4-4FAD-A7E3-7C050EA46B76}.Release|ARM64.Deploy.0 = Release|ARM64
		{49F13EBE-60F4-4FAD-A7E3-7C050EA46B76}.Release|x64.ActiveCfg = Release|x64
		{49F13EBE-60F4-4FAD-A7E3-7C050EA46B76}.Release|x64.Build.0 = Release|x64
		{49F13EBE-60F4-4FAD-A7E3-7C050EA46B76}.Release|x64.Deploy.0 = Release|x64
		{49F13EBE-60F4-4FAD-A7E3-7C050EA46B76}.Release|x86.ActiveCfg = Release|x86
		{49F13EBE-60F4-4FAD-A7E3-7C050EA46B76}.Release|x86.Build.0 = Release|x86
		{49F13EBE-60F4-4FAD-A7E3-7C050EA46B76}.Release|x86.Deploy.0 = Release|x86
		{6169541B-1B26-4766-8DEF-68C2F3C27E6E}.Debug|Any CPU.ActiveCfg = Debug|Any CPU
		{6169541B-1B26-4766-8DEF-68C2F3C27E6E}.Debug|Any CPU.Build.0 = Debug|Any CPU
		{6169541B-1B26-4766-8DEF-68C2F3C27E6E}.Debug|ARM64.ActiveCfg = Debug|arm64
		{6169541B-1B26-4766-8DEF-68C2F3C27E6E}.Debug|ARM64.Build.0 = Debug|arm64
		{6169541B-1B26-4766-8DEF-68C2F3C27E6E}.Debug|x64.ActiveCfg = Debug|Any CPU
		{6169541B-1B26-4766-8DEF-68C2F3C27E6E}.Debug|x64.Build.0 = Debug|Any CPU
		{6169541B-1B26-4766-8DEF-68C2F3C27E6E}.Debug|x86.ActiveCfg = Debug|x86
		{6169541B-1B26-4766-8DEF-68C2F3C27E6E}.Debug|x86.Build.0 = Debug|x86
		{6169541B-1B26-4766-8DEF-68C2F3C27E6E}.Release|Any CPU.ActiveCfg = Release|Any CPU
		{6169541B-1B26-4766-8DEF-68C2F3C27E6E}.Release|Any CPU.Build.0 = Release|Any CPU
		{6169541B-1B26-4766-8DEF-68C2F3C27E6E}.Release|ARM64.ActiveCfg = Release|arm64
		{6169541B-1B26-4766-8DEF-68C2F3C27E6E}.Release|ARM64.Build.0 = Release|arm64
		{6169541B-1B26-4766-8DEF-68C2F3C27E6E}.Release|x64.ActiveCfg = Release|Any CPU
		{6169541B-1B26-4766-8DEF-68C2F3C27E6E}.Release|x64.Build.0 = Release|Any CPU
		{6169541B-1B26-4766-8DEF-68C2F3C27E6E}.Release|x86.ActiveCfg = Release|x86
		{6169541B-1B26-4766-8DEF-68C2F3C27E6E}.Release|x86.Build.0 = Release|x86
	EndGlobalSection
	GlobalSection(SolutionProperties) = preSolution
		HideSolutionNode = FALSE
	EndGlobalSection
	GlobalSection(ExtensibilityGlobals) = postSolution
		SolutionGuid = {EF3F913C-9BBE-4C25-928F-AEA6CA9A9135}
	EndGlobalSection
EndGlobal
